
Microsoft Visual Studio Solution File, Format Version 12.00
# Visual Studio Version 17
VisualStudioVersion = 17.4.33213.308
MinimumVisualStudioVersion = 10.0.40219.1
Project("{9A19103F-16F7-4668-BE54-9A1E7A4F7556}") = "ogreklesil", "ogreklesil\ogreklesil.csproj", "{C530FB20-4A9A-49C3-A1B7-A0C3171F6424}"
EndProject
Project("{FAE04EC0-301F-11D3-BF4B-00C04F79EFBC}") = "ogr.Data", "ogr.Data\ogr.Data.csproj", "{AC8A0C28-CB5A-46E2-A32B-5107F18EF397}"
	ProjectSection(ProjectDependencies) = postProject
		{C530FB20-4A9A-49C3-A1B7-A0C3171F6424} = {C530FB20-4A9A-49C3-A1B7-A0C3171F6424}
	EndProjectSection
EndProject
Global
	GlobalSection(SolutionConfigurationPlatforms) = preSolution
		Debug|Any CPU = Debug|Any CPU
		Release|Any CPU = Release|Any CPU
	EndGlobalSection
	GlobalSection(ProjectConfigurationPlatforms) = postSolution
		{C530FB20-4A9A-49C3-A1B7-A0C3171F6424}.Debug|Any CPU.ActiveCfg = Debug|Any CPU
		{C530FB20-4A9A-49C3-A1B7-A0C3171F6424}.Debug|Any CPU.Build.0 = Debug|Any CPU
		{C530FB20-4A9A-49C3-A1B7-A0C3171F6424}.Release|Any CPU.ActiveCfg = Release|Any CPU
		{C530FB20-4A9A-49C3-A1B7-A0C3171F6424}.Release|Any CPU.Build.0 = Release|Any CPU
		{AC8A0C28-CB5A-46E2-A32B-5107F18EF397}.Debug|Any CPU.ActiveCfg = Debug|Any CPU
		{AC8A0C28-CB5A-46E2-A32B-5107F18EF397}.Debug|Any CPU.Build.0 = Debug|Any CPU
		{AC8A0C28-CB5A-46E2-A32B-5107F18EF397}.Release|Any CPU.ActiveCfg = Release|Any CPU
		{AC8A0C28-CB5A-46E2-A32B-5107F18EF397}.Release|Any CPU.Build.0 = Release|Any CPU
	EndGlobalSection
	GlobalSection(SolutionProperties) = preSolution
		HideSolutionNode = FALSE
	EndGlobalSection
	GlobalSection(ExtensibilityGlobals) = postSolution
		SolutionGuid = {A72278C4-CF04-45AC-AC42-5CB96EEB5A98}
	EndGlobalSection
EndGlobal
